<?xml version="1.0" encoding="utf-8"?>
<Project ToolsVersion="4.0" xmlns="http://schemas.microsoft.com/developer/msbuild/2003">
  <ItemGroup>
    <Filter Include="Header Files">
      <UniqueIdentifier>{b7bbc0bf-7ef8-40ea-b78e-b7dc259c870f}</UniqueIdentifier>
    </Filter>
    <Filter Include="Resource Files">
      <UniqueIdentifier>{935cc61b-d233-4ddb-a260-1656a6e9ece7}</UniqueIdentifier>
    </Filter>
    <Filter Include="Source Files">
      <UniqueIdentifier>{aa8726da-9499-42e1-83c3-c40929fe2011}</UniqueIdentifier>
    </Filter>
    <Filter Include="Header Files\src">
      <UniqueIdentifier>{ebf64f2b-b1fa-40b2-b843-dc50e9106d7b}</UniqueIdentifier>
    </Filter>
  </ItemGroup>
  <ItemGroup>
    <ClCompile Include="..\src\pffft32s.c">
      <Filter>Source Files</Filter>
    </ClCompile>
    <ClCompile Include="..\src\soxr.c">
      <Filter>Source Files</Filter>
    </ClCompile>
    <ClCompile Include="..\src\vr32.c">
      <Filter>Source Files</Filter>
    </ClCompile>
    <ClCompile Include="..\src\data-io.c">
      <Filter>Source Files</Filter>
    </ClCompile>
    <ClCompile Include="..\src\dbesi0.c">
      <Filter>Source Files</Filter>
    </ClCompile>
    <ClCompile Include="..\src\fft4g64.c">
      <Filter>Source Files</Filter>
    </ClCompile>
    <ClCompile Include="..\src\filter.c">
      <Filter>Source Files</Filter>
    </ClCompile>
    <ClCompile Include="..\src\cr.c">
      <Filter>Source Files</Filter>
    </ClCompile>
    <ClCompile Include="..\src\cr32.c">
      <Filter>Source Files</Filter>
    </ClCompile>
    <ClCompile Include="..\src\cr32s.c">
      <Filter>Source Files</Filter>
    </ClCompile>
    <ClCompile Include="..\src\cr64.c">
      <Filter>Source Files</Filter>
    </ClCompile>
    <ClCompile Include="..\src\cr64s.c">
      <Filter>Source Files</Filter>
    </ClCompile>
    <ClCompile Include="..\src\pffft64s.c">
      <Filter>Source Files</Filter>
    </ClCompile>
    <ClCompile Include="..\src\util32s.c">
      <Filter>Source Files</Filter>
    </ClCompile>
    <ClCompile Include="..\src\util64s.c">
      <Filter>Source Files</Filter>
    </ClCompile>
    <ClCompile Include="..\src\fft4g32.c">
      <Filter>Source Files</Filter>
    </ClCompile>
  </ItemGroup>
  <ItemGroup>
    <ClInclude Include="soxr-config.h">
      <Filter>Header Files</Filter>
    </ClInclude>
    <ClInclude Include="..\src\aliases.h">
      <Filter>Header Files\src</Filter>
    </ClInclude>
    <ClInclude Include="..\src\ccrw2.h">
      <Filter>Header Files\src</Filter>
    </ClInclude>
    <ClInclude Include="..\src\data-io.h">
      <Filter>Header Files\src</Filter>
    </ClInclude>
    <ClInclude Include="..\src\fft4g.h">
      <Filter>Header Files\src</Filter>
    </ClInclude>
    <ClInclude Include="..\src\fft4g_cache.h">
      <Filter>Header Files\src</Filter>
    </ClInclude>
    <ClInclude Include="..\src\fifo.h">
      <Filter>Header Files\src</Filter>
    </ClInclude>
    <ClInclude Include="..\src\filter.h">
      <Filter>Header Files\src</Filter>
    </ClInclude>
    <ClInclude Include="..\src\half-fir.h">
      <Filter>Header Files\src</Filter>
    </ClInclude>
    <ClInclude Include="..\src\internal.h">
      <Filter>Header Files\src</Filter>
    </ClInclude>
    <ClInclude Include="..\src\pffft.h">
      <Filter>Header Files\src</Filter>
    </ClInclude>
    <ClInclude Include="..\src\poly-fir.h">
      <Filter>Header Files\src</Filter>
    </ClInclude>
    <ClInclude Include="..\src\poly-fir0.h">
      <Filter>Header Files\src</Filter>
    </ClInclude>
    <ClInclude Include="..\src\rdft.h">
      <Filter>Header Files\src</Filter>
    </ClInclude>
    <ClInclude Include="..\src\rint-clip.h">
      <Filter>Header Files\src</Filter>
    </ClInclude>
    <ClInclude Include="..\src\rint.h">
      <Filter>Header Files\src</Filter>
    </ClInclude>
    <ClInclude Include="..\src\soxr-lsr.h">
      <Filter>Header Files\src</Filter>
    </ClInclude>
    <ClInclude Include="..\src\soxr.h">
      <Filter>Header Files\src</Filter>
    </ClInclude>
    <ClInclude Include="..\src\cr.h">
      <Filter>Header Files\src</Filter>
    </ClInclude>
    <ClInclude Include="..\src\dev32s.h">
      <Filter>Header Files\src</Filter>
    </ClInclude>
    <ClInclude Include="..\src\dev64s.h">
      <Filter>Header Files\src</Filter>
    </ClInclude>
    <ClInclude Include="..\src\half-coefs.h">
      <Filter>Header Files\src</Filter>
    </ClInclude>
    <ClInclude Include="..\src\math-wrap.h">
      <Filter>Header Files\src</Filter>
    </ClInclude>
    <ClInclude Include="..\src\pffft-avx.h">
      <Filter>Header Files\src</Filter>
    </ClInclude>
    <ClInclude Include="..\src\rdft_t.h">
      <Filter>Header Files\src</Filter>
    </ClInclude>
    <ClInclude Include="..\src\samplerate.h">
      <Filter>Header Files\src</Filter>
    </ClInclude>
    <ClInclude Include="..\src\std-types.h">
      <Filter>Header Files\src</Filter>
    </ClInclude>
    <ClInclude Include="..\src\util32s.h">
      <Filter>Header Files\src</Filter>
    </ClInclude>
    <ClInclude Include="..\src\util64s.h">
      <Filter>Header Files\src</Filter>
    </ClInclude>
    <ClInclude Include="..\src\vr-coefs.h">
      <Filter>Header Files\src</Filter>
    </ClInclude>
  </ItemGroup>
</Project>